
Microsoft Visual Studio Solution File, Format Version 12.00
# Visual Studio Version 16
VisualStudioVersion = 16.0.31129.286
MinimumVisualStudioVersion = 10.0.40219.1
Project("{9A19103F-16F7-4668-BE54-9A1E7A4F7556}") = "Parte2", "Parte2.csproj", "{ED2C88A3-2975-44AB-AC14-7032C0300FDF}"
EndProject
Global
	GlobalSection(SolutionConfigurationPlatforms) = preSolution
		Debug|Any CPU = Debug|Any CPU
		Release|Any CPU = Release|Any CPU
	EndGlobalSection
	GlobalSection(ProjectConfigurationPlatforms) = postSolution
		{ED2C88A3-2975-44AB-AC14-7032C0300FDF}.Debug|Any CPU.ActiveCfg = Debug|Any CPU
		{ED2C88A3-2975-44AB-AC14-7032C0300FDF}.Debug|Any CPU.Build.0 = Debug|Any CPU
		{ED2C88A3-2975-44AB-AC14-7032C0300FDF}.Release|Any CPU.ActiveCfg = Release|Any CPU
		{ED2C88A3-2975-44AB-AC14-7032C0300FDF}.Release|Any CPU.Build.0 = Release|Any CPU
	EndGlobalSection
	GlobalSection(SolutionProperties) = preSolution
		HideSolutionNode = FALSE
	EndGlobalSection
	GlobalSection(ExtensibilityGlobals) = postSolution
		SolutionGuid = {920D8FC6-4CB8-406A-9E86-DC1E7717B1CF}
	EndGlobalSection
EndGlobal
