
Microsoft Visual Studio Solution File, Format Version 12.00
# Visual Studio Version 17
VisualStudioVersion = 17.0.31512.422
MinimumVisualStudioVersion = 10.0.40219.1
Project("{9A19103F-16F7-4668-BE54-9A1E7A4F7556}") = "Parte1", "Parte1.csproj", "{1A8C57ED-A997-4D53-886B-96E23E354C31}"
EndProject
Global
	GlobalSection(SolutionConfigurationPlatforms) = preSolution
		Debug|Any CPU = Debug|Any CPU
		Release|Any CPU = Release|Any CPU
	EndGlobalSection
	GlobalSection(ProjectConfigurationPlatforms) = postSolution
		{1A8C57ED-A997-4D53-886B-96E23E354C31}.Debug|Any CPU.ActiveCfg = Debug|Any CPU
		{1A8C57ED-A997-4D53-886B-96E23E354C31}.Debug|Any CPU.Build.0 = Debug|Any CPU
		{1A8C57ED-A997-4D53-886B-96E23E354C31}.Release|Any CPU.ActiveCfg = Release|Any CPU
		{1A8C57ED-A997-4D53-886B-96E23E354C31}.Release|Any CPU.Build.0 = Release|Any CPU
	EndGlobalSection
	GlobalSection(SolutionProperties) = preSolution
		HideSolutionNode = FALSE
	EndGlobalSection
	GlobalSection(ExtensibilityGlobals) = postSolution
		SolutionGuid = {CDCEBAD7-CDB8-401D-A03E-95673980961F}
	EndGlobalSection
EndGlobal
