
Microsoft Visual Studio Solution File, Format Version 12.00
# Visual Studio Version 16
VisualStudioVersion = 16.0.31129.286
MinimumVisualStudioVersion = 10.0.40219.1
Project("{9A19103F-16F7-4668-BE54-9A1E7A4F7556}") = "Parte1", "Parte1.csproj", "{8B07AB6D-6042-45DE-AB4E-E6D66733FFCB}"
EndProject
Global
	GlobalSection(SolutionConfigurationPlatforms) = preSolution
		Debug|Any CPU = Debug|Any CPU
		Release|Any CPU = Release|Any CPU
	EndGlobalSection
	GlobalSection(ProjectConfigurationPlatforms) = postSolution
		{8B07AB6D-6042-45DE-AB4E-E6D66733FFCB}.Debug|Any CPU.ActiveCfg = Debug|Any CPU
		{8B07AB6D-6042-45DE-AB4E-E6D66733FFCB}.Debug|Any CPU.Build.0 = Debug|Any CPU
		{8B07AB6D-6042-45DE-AB4E-E6D66733FFCB}.Release|Any CPU.ActiveCfg = Release|Any CPU
		{8B07AB6D-6042-45DE-AB4E-E6D66733FFCB}.Release|Any CPU.Build.0 = Release|Any CPU
	EndGlobalSection
	GlobalSection(SolutionProperties) = preSolution
		HideSolutionNode = FALSE
	EndGlobalSection
	GlobalSection(ExtensibilityGlobals) = postSolution
		SolutionGuid = {B114C109-964B-4F48-A138-2996C4E4D459}
	EndGlobalSection
EndGlobal
