
Microsoft Visual Studio Solution File, Format Version 12.00
# Visual Studio Version 16
VisualStudioVersion = 16.0.31129.286
MinimumVisualStudioVersion = 10.0.40219.1
Project("{9A19103F-16F7-4668-BE54-9A1E7A4F7556}") = "Parte 1", "Parte 1.csproj", "{D4AC856F-3C44-4554-91A7-2F74B86CAFC4}"
EndProject
Global
	GlobalSection(SolutionConfigurationPlatforms) = preSolution
		Debug|Any CPU = Debug|Any CPU
		Release|Any CPU = Release|Any CPU
	EndGlobalSection
	GlobalSection(ProjectConfigurationPlatforms) = postSolution
		{D4AC856F-3C44-4554-91A7-2F74B86CAFC4}.Debug|Any CPU.ActiveCfg = Debug|Any CPU
		{D4AC856F-3C44-4554-91A7-2F74B86CAFC4}.Debug|Any CPU.Build.0 = Debug|Any CPU
		{D4AC856F-3C44-4554-91A7-2F74B86CAFC4}.Release|Any CPU.ActiveCfg = Release|Any CPU
		{D4AC856F-3C44-4554-91A7-2F74B86CAFC4}.Release|Any CPU.Build.0 = Release|Any CPU
	EndGlobalSection
	GlobalSection(SolutionProperties) = preSolution
		HideSolutionNode = FALSE
	EndGlobalSection
	GlobalSection(ExtensibilityGlobals) = postSolution
		SolutionGuid = {3143C093-D707-4C08-B7DE-0FDC0A51EE3E}
	EndGlobalSection
EndGlobal
