
Microsoft Visual Studio Solution File, Format Version 12.00
# Visual Studio Version 16
VisualStudioVersion = 16.0.31129.286
MinimumVisualStudioVersion = 10.0.40219.1
Project("{9A19103F-16F7-4668-BE54-9A1E7A4F7556}") = "Parte1", "Parte1.csproj", "{BEB91237-A656-430A-8BE9-A9EBEC80278F}"
EndProject
Global
	GlobalSection(SolutionConfigurationPlatforms) = preSolution
		Debug|Any CPU = Debug|Any CPU
		Release|Any CPU = Release|Any CPU
	EndGlobalSection
	GlobalSection(ProjectConfigurationPlatforms) = postSolution
		{BEB91237-A656-430A-8BE9-A9EBEC80278F}.Debug|Any CPU.ActiveCfg = Debug|Any CPU
		{BEB91237-A656-430A-8BE9-A9EBEC80278F}.Debug|Any CPU.Build.0 = Debug|Any CPU
		{BEB91237-A656-430A-8BE9-A9EBEC80278F}.Release|Any CPU.ActiveCfg = Release|Any CPU
		{BEB91237-A656-430A-8BE9-A9EBEC80278F}.Release|Any CPU.Build.0 = Release|Any CPU
	EndGlobalSection
	GlobalSection(SolutionProperties) = preSolution
		HideSolutionNode = FALSE
	EndGlobalSection
	GlobalSection(ExtensibilityGlobals) = postSolution
		SolutionGuid = {6A950DA5-D20A-4721-9997-37404978A193}
	EndGlobalSection
EndGlobal
