
Microsoft Visual Studio Solution File, Format Version 12.00
# Visual Studio Version 17
VisualStudioVersion = 17.0.31512.422
MinimumVisualStudioVersion = 10.0.40219.1
Project("{9A19103F-16F7-4668-BE54-9A1E7A4F7556}") = "Parte2", "Parte2.csproj", "{EF1345A0-111E-40E7-A1BE-CBDF877FD82C}"
EndProject
Global
	GlobalSection(SolutionConfigurationPlatforms) = preSolution
		Debug|Any CPU = Debug|Any CPU
		Release|Any CPU = Release|Any CPU
	EndGlobalSection
	GlobalSection(ProjectConfigurationPlatforms) = postSolution
		{EF1345A0-111E-40E7-A1BE-CBDF877FD82C}.Debug|Any CPU.ActiveCfg = Debug|Any CPU
		{EF1345A0-111E-40E7-A1BE-CBDF877FD82C}.Debug|Any CPU.Build.0 = Debug|Any CPU
		{EF1345A0-111E-40E7-A1BE-CBDF877FD82C}.Release|Any CPU.ActiveCfg = Release|Any CPU
		{EF1345A0-111E-40E7-A1BE-CBDF877FD82C}.Release|Any CPU.Build.0 = Release|Any CPU
	EndGlobalSection
	GlobalSection(SolutionProperties) = preSolution
		HideSolutionNode = FALSE
	EndGlobalSection
	GlobalSection(ExtensibilityGlobals) = postSolution
		SolutionGuid = {9D84D9F5-8057-4C32-8A3B-3B4894F261E3}
	EndGlobalSection
EndGlobal
