
Microsoft Visual Studio Solution File, Format Version 12.00
# Visual Studio Version 16
VisualStudioVersion = 16.0.31105.61
MinimumVisualStudioVersion = 10.0.40219.1
Project("{9A19103F-16F7-4668-BE54-9A1E7A4F7556}") = "Parte1", "Parte1.csproj", "{524290F3-D945-4FB1-BFF8-48B8F49AD789}"
EndProject
Global
	GlobalSection(SolutionConfigurationPlatforms) = preSolution
		Debug|Any CPU = Debug|Any CPU
		Release|Any CPU = Release|Any CPU
	EndGlobalSection
	GlobalSection(ProjectConfigurationPlatforms) = postSolution
		{524290F3-D945-4FB1-BFF8-48B8F49AD789}.Debug|Any CPU.ActiveCfg = Debug|Any CPU
		{524290F3-D945-4FB1-BFF8-48B8F49AD789}.Debug|Any CPU.Build.0 = Debug|Any CPU
		{524290F3-D945-4FB1-BFF8-48B8F49AD789}.Release|Any CPU.ActiveCfg = Release|Any CPU
		{524290F3-D945-4FB1-BFF8-48B8F49AD789}.Release|Any CPU.Build.0 = Release|Any CPU
	EndGlobalSection
	GlobalSection(SolutionProperties) = preSolution
		HideSolutionNode = FALSE
	EndGlobalSection
	GlobalSection(ExtensibilityGlobals) = postSolution
		SolutionGuid = {C8AEA8A8-7295-4415-A837-014141F674BE}
	EndGlobalSection
EndGlobal
