
Microsoft Visual Studio Solution File, Format Version 12.00
# Visual Studio Version 16
VisualStudioVersion = 16.0.31205.134
MinimumVisualStudioVersion = 10.0.40219.1
Project("{9A19103F-16F7-4668-BE54-9A1E7A4F7556}") = "Parte2", "Parte2.csproj", "{845759C5-736A-46B1-849F-710F891A5BFD}"
EndProject
Global
	GlobalSection(SolutionConfigurationPlatforms) = preSolution
		Debug|Any CPU = Debug|Any CPU
		Release|Any CPU = Release|Any CPU
	EndGlobalSection
	GlobalSection(ProjectConfigurationPlatforms) = postSolution
		{845759C5-736A-46B1-849F-710F891A5BFD}.Debug|Any CPU.ActiveCfg = Debug|Any CPU
		{845759C5-736A-46B1-849F-710F891A5BFD}.Debug|Any CPU.Build.0 = Debug|Any CPU
		{845759C5-736A-46B1-849F-710F891A5BFD}.Release|Any CPU.ActiveCfg = Release|Any CPU
		{845759C5-736A-46B1-849F-710F891A5BFD}.Release|Any CPU.Build.0 = Release|Any CPU
	EndGlobalSection
	GlobalSection(SolutionProperties) = preSolution
		HideSolutionNode = FALSE
	EndGlobalSection
	GlobalSection(ExtensibilityGlobals) = postSolution
		SolutionGuid = {000AA719-A72E-459A-B435-4E3BED7B2381}
	EndGlobalSection
EndGlobal
